
Microsoft Visual Studio Solution File, Format Version 12.00
# Visual Studio Version 17
VisualStudioVersion = 17.3.32819.101
MinimumVisualStudioVersion = 10.0.40219.1
Project("{FAE04EC0-301F-11D3-BF4B-00C04F79EFBC}") = "BlazorApp1", "BlazorApp1\BlazorApp1.csproj", "{1FDA5FAB-723F-4B68-A1EC-863BB4FCA312}"
EndProject
Global
	GlobalSection(SolutionConfigurationPlatforms) = preSolution
		Debug|Any CPU = Debug|Any CPU
		Release|Any CPU = Release|Any CPU
	EndGlobalSection
	GlobalSection(ProjectConfigurationPlatforms) = postSolution
		{1FDA5FAB-723F-4B68-A1EC-863BB4FCA312}.Debug|Any CPU.ActiveCfg = Debug|Any CPU
		{1FDA5FAB-723F-4B68-A1EC-863BB4FCA312}.Debug|Any CPU.Build.0 = Debug|Any CPU
		{1FDA5FAB-723F-4B68-A1EC-863BB4FCA312}.Release|Any CPU.ActiveCfg = Release|Any CPU
		{1FDA5FAB-723F-4B68-A1EC-863BB4FCA312}.Release|Any CPU.Build.0 = Release|Any CPU
	EndGlobalSection
	GlobalSection(SolutionProperties) = preSolution
		HideSolutionNode = FALSE
	EndGlobalSection
	GlobalSection(ExtensibilityGlobals) = postSolution
		SolutionGuid = {C74CECA7-97C1-428B-93F6-2EC7E92C7B3F}
	EndGlobalSection
EndGlobal
