
Microsoft Visual Studio Solution File, Format Version 12.00
# Visual Studio Version 17
VisualStudioVersion = 17.3.32819.101
MinimumVisualStudioVersion = 10.0.40219.1
Project("{FAE04EC0-301F-11D3-BF4B-00C04F79EFBC}") = "BlazorApp3", "BlazorApp3\BlazorApp3.csproj", "{A7C5C3FF-CDA5-4F8E-B44A-BEC91C57270E}"
EndProject
Global
	GlobalSection(SolutionConfigurationPlatforms) = preSolution
		Debug|Any CPU = Debug|Any CPU
		Release|Any CPU = Release|Any CPU
	EndGlobalSection
	GlobalSection(ProjectConfigurationPlatforms) = postSolution
		{A7C5C3FF-CDA5-4F8E-B44A-BEC91C57270E}.Debug|Any CPU.ActiveCfg = Debug|Any CPU
		{A7C5C3FF-CDA5-4F8E-B44A-BEC91C57270E}.Debug|Any CPU.Build.0 = Debug|Any CPU
		{A7C5C3FF-CDA5-4F8E-B44A-BEC91C57270E}.Release|Any CPU.ActiveCfg = Release|Any CPU
		{A7C5C3FF-CDA5-4F8E-B44A-BEC91C57270E}.Release|Any CPU.Build.0 = Release|Any CPU
	EndGlobalSection
	GlobalSection(SolutionProperties) = preSolution
		HideSolutionNode = FALSE
	EndGlobalSection
	GlobalSection(ExtensibilityGlobals) = postSolution
		SolutionGuid = {1B62BDCC-8E7A-4019-81AB-356FFBED3C91}
	EndGlobalSection
EndGlobal
