
Microsoft Visual Studio Solution File, Format Version 12.00
# Visual Studio Version 17
VisualStudioVersion = 17.3.32819.101
MinimumVisualStudioVersion = 10.0.40219.1
Project("{FAE04EC0-301F-11D3-BF4B-00C04F79EFBC}") = "MyStore - ASP.NET Core Web Application with SQL Server Database", "MyStore - ASP.NET Core Web Application with SQL Server Database\MyStore - ASP.NET Core Web Application with SQL Server Database.csproj", "{6FFB8E48-B46F-47D7-A024-18CE56C3BCD2}"
EndProject
Global
	GlobalSection(SolutionConfigurationPlatforms) = preSolution
		Debug|Any CPU = Debug|Any CPU
		Release|Any CPU = Release|Any CPU
	EndGlobalSection
	GlobalSection(ProjectConfigurationPlatforms) = postSolution
		{6FFB8E48-B46F-47D7-A024-18CE56C3BCD2}.Debug|Any CPU.ActiveCfg = Debug|Any CPU
		{6FFB8E48-B46F-47D7-A024-18CE56C3BCD2}.Debug|Any CPU.Build.0 = Debug|Any CPU
		{6FFB8E48-B46F-47D7-A024-18CE56C3BCD2}.Release|Any CPU.ActiveCfg = Release|Any CPU
		{6FFB8E48-B46F-47D7-A024-18CE56C3BCD2}.Release|Any CPU.Build.0 = Release|Any CPU
	EndGlobalSection
	GlobalSection(SolutionProperties) = preSolution
		HideSolutionNode = FALSE
	EndGlobalSection
	GlobalSection(ExtensibilityGlobals) = postSolution
		SolutionGuid = {BB17C522-92D3-47CE-A51A-1CA5777B51C9}
	EndGlobalSection
EndGlobal
