
Microsoft Visual Studio Solution File, Format Version 12.00
# Visual Studio Version 17
VisualStudioVersion = 17.3.32819.101
MinimumVisualStudioVersion = 10.0.40219.1
Project("{FAE04EC0-301F-11D3-BF4B-00C04F79EFBC}") = "BlazorApp1", "BlazorApp1\BlazorApp1.csproj", "{77E5AA93-57EA-49A8-8A52-352E75618332}"
EndProject
Global
	GlobalSection(SolutionConfigurationPlatforms) = preSolution
		Debug|Any CPU = Debug|Any CPU
		Release|Any CPU = Release|Any CPU
	EndGlobalSection
	GlobalSection(ProjectConfigurationPlatforms) = postSolution
		{77E5AA93-57EA-49A8-8A52-352E75618332}.Debug|Any CPU.ActiveCfg = Debug|Any CPU
		{77E5AA93-57EA-49A8-8A52-352E75618332}.Debug|Any CPU.Build.0 = Debug|Any CPU
		{77E5AA93-57EA-49A8-8A52-352E75618332}.Release|Any CPU.ActiveCfg = Release|Any CPU
		{77E5AA93-57EA-49A8-8A52-352E75618332}.Release|Any CPU.Build.0 = Release|Any CPU
	EndGlobalSection
	GlobalSection(SolutionProperties) = preSolution
		HideSolutionNode = FALSE
	EndGlobalSection
	GlobalSection(ExtensibilityGlobals) = postSolution
		SolutionGuid = {A8BBD85B-651F-41DE-9FD7-6098C458D278}
	EndGlobalSection
EndGlobal
