
Microsoft Visual Studio Solution File, Format Version 12.00
# Visual Studio Version 17
VisualStudioVersion = 17.3.32819.101
MinimumVisualStudioVersion = 10.0.40219.1
Project("{FAE04EC0-301F-11D3-BF4B-00C04F79EFBC}") = "Angular.API", "Angular.API\Angular.API.csproj", "{67FCC3AB-51C7-4A6E-8DDB-3BE9FEB87568}"
EndProject
Global
	GlobalSection(SolutionConfigurationPlatforms) = preSolution
		Debug|Any CPU = Debug|Any CPU
		Release|Any CPU = Release|Any CPU
	EndGlobalSection
	GlobalSection(ProjectConfigurationPlatforms) = postSolution
		{67FCC3AB-51C7-4A6E-8DDB-3BE9FEB87568}.Debug|Any CPU.ActiveCfg = Debug|Any CPU
		{67FCC3AB-51C7-4A6E-8DDB-3BE9FEB87568}.Debug|Any CPU.Build.0 = Debug|Any CPU
		{67FCC3AB-51C7-4A6E-8DDB-3BE9FEB87568}.Release|Any CPU.ActiveCfg = Release|Any CPU
		{67FCC3AB-51C7-4A6E-8DDB-3BE9FEB87568}.Release|Any CPU.Build.0 = Release|Any CPU
	EndGlobalSection
	GlobalSection(SolutionProperties) = preSolution
		HideSolutionNode = FALSE
	EndGlobalSection
	GlobalSection(ExtensibilityGlobals) = postSolution
		SolutionGuid = {8F182EB3-C907-4467-A162-50E1C773918B}
	EndGlobalSection
EndGlobal
