
Microsoft Visual Studio Solution File, Format Version 12.00
# Visual Studio Version 17
VisualStudioVersion = 17.3.32819.101
MinimumVisualStudioVersion = 10.0.40219.1
Project("{FAE04EC0-301F-11D3-BF4B-00C04F79EFBC}") = "MyFirstBlazorApp", "MyFirstBlazorApp\MyFirstBlazorApp.csproj", "{91FA27AB-5284-4B97-BBEE-00249EAB8EDC}"
EndProject
Global
	GlobalSection(SolutionConfigurationPlatforms) = preSolution
		Debug|Any CPU = Debug|Any CPU
		Release|Any CPU = Release|Any CPU
	EndGlobalSection
	GlobalSection(ProjectConfigurationPlatforms) = postSolution
		{91FA27AB-5284-4B97-BBEE-00249EAB8EDC}.Debug|Any CPU.ActiveCfg = Debug|Any CPU
		{91FA27AB-5284-4B97-BBEE-00249EAB8EDC}.Debug|Any CPU.Build.0 = Debug|Any CPU
		{91FA27AB-5284-4B97-BBEE-00249EAB8EDC}.Release|Any CPU.ActiveCfg = Release|Any CPU
		{91FA27AB-5284-4B97-BBEE-00249EAB8EDC}.Release|Any CPU.Build.0 = Release|Any CPU
	EndGlobalSection
	GlobalSection(SolutionProperties) = preSolution
		HideSolutionNode = FALSE
	EndGlobalSection
	GlobalSection(ExtensibilityGlobals) = postSolution
		SolutionGuid = {CF55B048-0A1D-45CC-AF42-C4CD4D30F1E4}
	EndGlobalSection
EndGlobal
