
Microsoft Visual Studio Solution File, Format Version 12.00
# Visual Studio Version 16
VisualStudioVersion = 25.0.1703.3
MinimumVisualStudioVersion = 10.0.40219.1
Project("{FAE04EC0-301F-11D3-BF4B-00C04F79EFBC}") = "MyFirstBlazorApp", "MyFirstBlazorApp\MyFirstBlazorApp.csproj", "{7B204F19-2D54-4357-ABA9-CA76CE0B0B08}"
EndProject
Global
	GlobalSection(SolutionConfigurationPlatforms) = preSolution
		Debug|Any CPU = Debug|Any CPU
		Release|Any CPU = Release|Any CPU
	EndGlobalSection
	GlobalSection(ProjectConfigurationPlatforms) = postSolution
		{7B204F19-2D54-4357-ABA9-CA76CE0B0B08}.Debug|Any CPU.ActiveCfg = Debug|Any CPU
		{7B204F19-2D54-4357-ABA9-CA76CE0B0B08}.Debug|Any CPU.Build.0 = Debug|Any CPU
		{7B204F19-2D54-4357-ABA9-CA76CE0B0B08}.Release|Any CPU.ActiveCfg = Release|Any CPU
		{7B204F19-2D54-4357-ABA9-CA76CE0B0B08}.Release|Any CPU.Build.0 = Release|Any CPU
	EndGlobalSection
	GlobalSection(SolutionProperties) = preSolution
		HideSolutionNode = FALSE
	EndGlobalSection
	GlobalSection(ExtensibilityGlobals) = postSolution
		SolutionGuid = {3EC7CC16-3107-47BA-9F9E-BE89F65D1FC0}
	EndGlobalSection
EndGlobal
